PODS:
  - Apollo (0.21.0):
    - Apollo/Core (= 0.21.0)
  - Apollo/Core (0.21.0)
  - Bolts/Tasks (1.9.0)
  - Parse (1.17.3):
    - Parse/Core (= 1.17.3)
  - Parse/Core (1.17.3):
    - Bolts/Tasks (~> 1.9)

DEPENDENCIES:
  - Apollo
  - Parse

SPEC REPOS:
  trunk:
    - Apollo
    - Bolts
    - Parse

SPEC CHECKSUMS:
  Apollo: 56a0aa81b744bf2810a8277e705f155c91ac9055
  Bolts: ac6567323eac61e203f6a9763667d0f711be34c8
  Parse: c1ad2a04d2cab2b54b6fb7da05f741abf2cf57d1

PODFILE CHECKSUM: 8c811476a64f3d49702768e66a4dfe3205518ca7

COCOAPODS: 1.8.4
